
Microsoft Visual Studio Solution File, Format Version 12.00
# Visual Studio Version 16
VisualStudioVersion = 16.0.31019.35
MinimumVisualStudioVersion = 10.0.40219.1
Project("{FAE04EC0-301F-11D3-BF4B-00C04F79EFBC}") = "ProjectLatestVersion", "ProjectLatestVersion.csproj", "{01E1D873-F6F3-4818-B5BD-61E141111A49}"
EndProject
Project("{FAE04EC0-301F-11D3-BF4B-00C04F79EFBC}") = "BE", "..\BE\BE.csproj", "{AB2DB367-02AE-440D-A4A5-E3D6DC45C2ED}"
EndProject
Project("{FAE04EC0-301F-11D3-BF4B-00C04F79EFBC}") = "DAL", "..\DAL\DAL.csproj", "{024424A8-0BA9-4BFA-A392-E9DA3CCF6F4F}"
EndProject
Project("{FAE04EC0-301F-11D3-BF4B-00C04F79EFBC}") = "BLL", "..\BLL\BLL.csproj", "{C607CA4F-7A69-4F6B-BB40-F671C633BC79}"
EndProject
Global
	GlobalSection(SolutionConfigurationPlatforms) = preSolution
		Debug|Any CPU = Debug|Any CPU
		Release|Any CPU = Release|Any CPU
	EndGlobalSection
	GlobalSection(ProjectConfigurationPlatforms) = postSolution
		{01E1D873-F6F3-4818-B5BD-61E141111A49}.Debug|Any CPU.ActiveCfg = Debug|Any CPU
		{01E1D873-F6F3-4818-B5BD-61E141111A49}.Debug|Any CPU.Build.0 = Debug|Any CPU
		{01E1D873-F6F3-4818-B5BD-61E141111A49}.Release|Any CPU.ActiveCfg = Release|Any CPU
		{01E1D873-F6F3-4818-B5BD-61E141111A49}.Release|Any CPU.Build.0 = Release|Any CPU
		{AB2DB367-02AE-440D-A4A5-E3D6DC45C2ED}.Debug|Any CPU.ActiveCfg = Debug|Any CPU
		{AB2DB367-02AE-440D-A4A5-E3D6DC45C2ED}.Debug|Any CPU.Build.0 = Debug|Any CPU
		{AB2DB367-02AE-440D-A4A5-E3D6DC45C2ED}.Release|Any CPU.ActiveCfg = Release|Any CPU
		{AB2DB367-02AE-440D-A4A5-E3D6DC45C2ED}.Release|Any CPU.Build.0 = Release|Any CPU
		{024424A8-0BA9-4BFA-A392-E9DA3CCF6F4F}.Debug|Any CPU.ActiveCfg = Debug|Any CPU
		{024424A8-0BA9-4BFA-A392-E9DA3CCF6F4F}.Debug|Any CPU.Build.0 = Debug|Any CPU
		{024424A8-0BA9-4BFA-A392-E9DA3CCF6F4F}.Release|Any CPU.ActiveCfg = Release|Any CPU
		{024424A8-0BA9-4BFA-A392-E9DA3CCF6F4F}.Release|Any CPU.Build.0 = Release|Any CPU
		{C607CA4F-7A69-4F6B-BB40-F671C633BC79}.Debug|Any CPU.ActiveCfg = Debug|Any CPU
		{C607CA4F-7A69-4F6B-BB40-F671C633BC79}.Debug|Any CPU.Build.0 = Debug|Any CPU
		{C607CA4F-7A69-4F6B-BB40-F671C633BC79}.Release|Any CPU.ActiveCfg = Release|Any CPU
		{C607CA4F-7A69-4F6B-BB40-F671C633BC79}.Release|Any CPU.Build.0 = Release|Any CPU
	EndGlobalSection
	GlobalSection(SolutionProperties) = preSolution
		HideSolutionNode = FALSE
	EndGlobalSection
	GlobalSection(ExtensibilityGlobals) = postSolution
		SolutionGuid = {CE01C54E-BFFD-41CC-89B3-8B0AFF32B82B}
	EndGlobalSection
EndGlobal
